
Microsoft Visual Studio Solution File, Format Version 12.00
# Visual Studio Version 17
VisualStudioVersion = 17.6.33815.320
MinimumVisualStudioVersion = 10.0.40219.1
Project("{8BC9CEB8-8B4A-11D0-8D11-00A0C91BC942}") = "6", "6\6.vcxproj", "{9E0DF26B-7214-43CF-B0B9-6D8E050A779A}"
EndProject
Project("{8BC9CEB8-8B4A-11D0-8D11-00A0C91BC942}") = "1", "1\1.vcxproj", "{E7C5746F-2977-44A3-932E-41A3FA224814}"
EndProject
Project("{8BC9CEB8-8B4A-11D0-8D11-00A0C91BC942}") = "2", "2\2.vcxproj", "{8159A5DF-0A46-4C48-976D-F699F7E50E18}"
EndProject
Project("{8BC9CEB8-8B4A-11D0-8D11-00A0C91BC942}") = "3", "3\3.vcxproj", "{97BD5F18-84A0-4376-B8B3-B92224CCA5C7}"
EndProject
Project("{8BC9CEB8-8B4A-11D0-8D11-00A0C91BC942}") = "4", "4\4.vcxproj", "{0CE4AC68-42D2-4AF3-88BD-C71468F51CE8}"
EndProject
Project("{8BC9CEB8-8B4A-11D0-8D11-00A0C91BC942}") = "5", "5\5.vcxproj", "{68B5FD36-B7AA-4017-BB14-35E33EA538C8}"
EndProject
Global
	GlobalSection(SolutionConfigurationPlatforms) = preSolution
		Debug|x64 = Debug|x64
		Debug|x86 = Debug|x86
		Release|x64 = Release|x64
		Release|x86 = Release|x86
	EndGlobalSection
	GlobalSection(ProjectConfigurationPlatforms) = postSolution
		{9E0DF26B-7214-43CF-B0B9-6D8E050A779A}.Debug|x64.ActiveCfg = Debug|x64
		{9E0DF26B-7214-43CF-B0B9-6D8E050A779A}.Debug|x64.Build.0 = Debug|x64
		{9E0DF26B-7214-43CF-B0B9-6D8E050A779A}.Debug|x86.ActiveCfg = Debug|Win32
		{9E0DF26B-7214-43CF-B0B9-6D8E050A779A}.Debug|x86.Build.0 = Debug|Win32
		{9E0DF26B-7214-43CF-B0B9-6D8E050A779A}.Release|x64.ActiveCfg = Release|x64
		{9E0DF26B-7214-43CF-B0B9-6D8E050A779A}.Release|x64.Build.0 = Release|x64
		{9E0DF26B-7214-43CF-B0B9-6D8E050A779A}.Release|x86.ActiveCfg = Release|Win32
		{9E0DF26B-7214-43CF-B0B9-6D8E050A779A}.Release|x86.Build.0 = Release|Win32
		{E7C5746F-2977-44A3-932E-41A3FA224814}.Debug|x64.ActiveCfg = Debug|x64
		{E7C5746F-2977-44A3-932E-41A3FA224814}.Debug|x64.Build.0 = Debug|x64
		{E7C5746F-2977-44A3-932E-41A3FA224814}.Debug|x86.ActiveCfg = Debug|Win32
		{E7C5746F-2977-44A3-932E-41A3FA224814}.Debug|x86.Build.0 = Debug|Win32
		{E7C5746F-2977-44A3-932E-41A3FA224814}.Release|x64.ActiveCfg = Release|x64
		{E7C5746F-2977-44A3-932E-41A3FA224814}.Release|x64.Build.0 = Release|x64
		{E7C5746F-2977-44A3-932E-41A3FA224814}.Release|x86.ActiveCfg = Release|Win32
		{E7C5746F-2977-44A3-932E-41A3FA224814}.Release|x86.Build.0 = Release|Win32
		{8159A5DF-0A46-4C48-976D-F699F7E50E18}.Debug|x64.ActiveCfg = Debug|x64
		{8159A5DF-0A46-4C48-976D-F699F7E50E18}.Debug|x64.Build.0 = Debug|x64
		{8159A5DF-0A46-4C48-976D-F699F7E50E18}.Debug|x86.ActiveCfg = Debug|Win32
		{8159A5DF-0A46-4C48-976D-F699F7E50E18}.Debug|x86.Build.0 = Debug|Win32
		{8159A5DF-0A46-4C48-976D-F699F7E50E18}.Release|x64.ActiveCfg = Release|x64
		{8159A5DF-0A46-4C48-976D-F699F7E50E18}.Release|x64.Build.0 = Release|x64
		{8159A5DF-0A46-4C48-976D-F699F7E50E18}.Release|x86.ActiveCfg = Release|Win32
		{8159A5DF-0A46-4C48-976D-F699F7E50E18}.Release|x86.Build.0 = Release|Win32
		{97BD5F18-84A0-4376-B8B3-B92224CCA5C7}.Debug|x64.ActiveCfg = Debug|x64
		{97BD5F18-84A0-4376-B8B3-B92224CCA5C7}.Debug|x64.Build.0 = Debug|x64
		{97BD5F18-84A0-4376-B8B3-B92224CCA5C7}.Debug|x86.ActiveCfg = Debug|Win32
		{97BD5F18-84A0-4376-B8B3-B92224CCA5C7}.Debug|x86.Build.0 = Debug|Win32
		{97BD5F18-84A0-4376-B8B3-B92224CCA5C7}.Release|x64.ActiveCfg = Release|x64
		{97BD5F18-84A0-4376-B8B3-B92224CCA5C7}.Release|x64.Build.0 = Release|x64
		{97BD5F18-84A0-4376-B8B3-B92224CCA5C7}.Release|x86.ActiveCfg = Release|Win32
		{97BD5F18-84A0-4376-B8B3-B92224CCA5C7}.Release|x86.Build.0 = Release|Win32
		{0CE4AC68-42D2-4AF3-88BD-C71468F51CE8}.Debug|x64.ActiveCfg = Debug|x64
		{0CE4AC68-42D2-4AF3-88BD-C71468F51CE8}.Debug|x64.Build.0 = Debug|x64
		{0CE4AC68-42D2-4AF3-88BD-C71468F51CE8}.Debug|x86.ActiveCfg = Debug|Win32
		{0CE4AC68-42D2-4AF3-88BD-C71468F51CE8}.Debug|x86.Build.0 = Debug|Win32
		{0CE4AC68-42D2-4AF3-88BD-C71468F51CE8}.Release|x64.ActiveCfg = Release|x64
		{0CE4AC68-42D2-4AF3-88BD-C71468F51CE8}.Release|x64.Build.0 = Release|x64
		{0CE4AC68-42D2-4AF3-88BD-C71468F51CE8}.Release|x86.ActiveCfg = Release|Win32
		{0CE4AC68-42D2-4AF3-88BD-C71468F51CE8}.Release|x86.Build.0 = Release|Win32
		{68B5FD36-B7AA-4017-BB14-35E33EA538C8}.Debug|x64.ActiveCfg = Debug|x64
		{68B5FD36-B7AA-4017-BB14-35E33EA538C8}.Debug|x64.Build.0 = Debug|x64
		{68B5FD36-B7AA-4017-BB14-35E33EA538C8}.Debug|x86.ActiveCfg = Debug|Win32
		{68B5FD36-B7AA-4017-BB14-35E33EA538C8}.Debug|x86.Build.0 = Debug|Win32
		{68B5FD36-B7AA-4017-BB14-35E33EA538C8}.Release|x64.ActiveCfg = Release|x64
		{68B5FD36-B7AA-4017-BB14-35E33EA538C8}.Release|x64.Build.0 = Release|x64
		{68B5FD36-B7AA-4017-BB14-35E33EA538C8}.Release|x86.ActiveCfg = Release|Win32
		{68B5FD36-B7AA-4017-BB14-35E33EA538C8}.Release|x86.Build.0 = Release|Win32
	EndGlobalSection
	GlobalSection(SolutionProperties) = preSolution
		HideSolutionNode = FALSE
	EndGlobalSection
	GlobalSection(ExtensibilityGlobals) = postSolution
		SolutionGuid = {707F5021-5710-41D9-91E7-98A8EA92FD90}
	EndGlobalSection
EndGlobal
